<?xml version="1.0" encoding="utf-8"?>
<Project ToolsVersion="4.0" xmlns="http://schemas.microsoft.com/developer/msbuild/2003">
  <ItemGroup>
    <Filter Include="Archivos de origen">
      <UniqueIdentifier>{4FC737F1-C7A5-4376-A066-2A32D752A2FF}</UniqueIdentifier>
      <Extensions>cpp;c;cc;cxx;c++;cppm;ixx;def;odl;idl;hpj;bat;asm;asmx</Extensions>
    </Filter>
    <Filter Include="Archivos de encabezado">
      <UniqueIdentifier>{93995380-89BD-4b04-88EB-625FBE52EBFB}</UniqueIdentifier>
      <Extensions>h;hh;hpp;hxx;h++;hm;inl;inc;ipp;xsd</Extensions>
    </Filter>
    <Filter Include="Archivos de recursos">
      <UniqueIdentifier>{67DA6AB6-F800-4c08-8B7A-83BB121AAD01}</UniqueIdentifier>
      <Extensions>rc;ico;cur;bmp;dlg;rc2;rct;bin;rgs;gif;jpg;jpeg;jpe;resx;tiff;tif;png;wav;mfcribbon-ms</Extensions>
    </Filter>
    <Filter Include="NucleoBancario">
      <UniqueIdentifier>{eed9790f-f5c1-4c84-8926-f6d0cc9dfe84}</UniqueIdentifier>
    </Filter>
    <Filter Include="NucleoBancario\Entidad">
      <UniqueIdentifier>{f56fff32-e6df-407a-9aeb-e6a00d422ea8}</UniqueIdentifier>
    </Filter>
    <Filter Include="NucleoBancario\Business">
      <UniqueIdentifier>{e17456b1-d6df-4cd6-b609-bf9a7b6c8255}</UniqueIdentifier>
    </Filter>
    <Filter Include="Validaciones y Utilidades">
      <UniqueIdentifier>{f4a656a9-b336-487c-877b-40a83bac98a3}</UniqueIdentifier>
    </Filter>
    <Filter Include="Validaciones y Utilidades\Validation">
      <UniqueIdentifier>{c948e57f-fb39-4918-8c63-45050d99a778}</UniqueIdentifier>
    </Filter>
    <Filter Include="Validaciones y Utilidades\Utils">
      <UniqueIdentifier>{81250413-8da2-4644-8b72-1c7fcae4a820}</UniqueIdentifier>
    </Filter>
    <Filter Include="UI">
      <UniqueIdentifier>{5f6e027d-8b9d-4b7a-b5a6-abae5e9384a8}</UniqueIdentifier>
    </Filter>
    <Filter Include="UI\Menus">
      <UniqueIdentifier>{5a58ff9b-c266-42a1-b40c-f00c6a9d1abb}</UniqueIdentifier>
    </Filter>
    <Filter Include="UI\Display">
      <UniqueIdentifier>{272ba52e-1516-496b-8b42-f2da52848366}</UniqueIdentifier>
    </Filter>
    <Filter Include="UI\Chat">
      <UniqueIdentifier>{20c8c0a7-ad78-4632-95be-71f4c339161f}</UniqueIdentifier>
    </Filter>
    <Filter Include="DataStructures">
      <UniqueIdentifier>{4e68c48b-1cfc-4527-b407-17b92a39dd0e}</UniqueIdentifier>
    </Filter>
    <Filter Include="QR">
      <UniqueIdentifier>{cbcd99f7-6594-4dcd-ad96-637113403d19}</UniqueIdentifier>
    </Filter>
    <Filter Include="QR\Export">
      <UniqueIdentifier>{98a39280-d40d-44f2-bae1-5fe82aee49a6}</UniqueIdentifier>
    </Filter>
    <Filter Include="DataBase">
      <UniqueIdentifier>{131031c1-e10c-40c4-a121-9409101ac849}</UniqueIdentifier>
    </Filter>
    <Filter Include="1MAIN">
      <UniqueIdentifier>{9ea67360-4339-4e20-ae1c-d12960369485}</UniqueIdentifier>
    </Filter>
  </ItemGroup>
  <ItemGroup>
    <ClCompile Include="Persona.cpp">
      <Filter>NucleoBancario\Entidad</Filter>
    </ClCompile>
    <ClCompile Include="CuentaCorriente.cpp">
      <Filter>NucleoBancario\Entidad</Filter>
    </ClCompile>
    <ClCompile Include="CuentaAhorros.cpp">
      <Filter>NucleoBancario\Entidad</Filter>
    </ClCompile>
    <ClCompile Include="Banco.cpp">
      <Filter>NucleoBancario\Business</Filter>
    </ClCompile>
    <ClCompile Include="BancoManejoCuenta.cpp">
      <Filter>NucleoBancario\Business</Filter>
    </ClCompile>
    <ClCompile Include="BancoManejoPersona.cpp">
      <Filter>NucleoBancario\Business</Filter>
    </ClCompile>
    <ClCompile Include="Validar.cpp">
      <Filter>Validaciones y Utilidades\Validation</Filter>
    </ClCompile>
    <ClCompile Include="Utilidades.cpp">
      <Filter>Validaciones y Utilidades\Utils</Filter>
    </ClCompile>
    <ClCompile Include="Fecha.cpp">
      <Filter>Validaciones y Utilidades\Utils</Filter>
    </ClCompile>
    <ClCompile Include="Cifrado.cpp">
      <Filter>Validaciones y Utilidades\Utils</Filter>
    </ClCompile>
    <ClCompile Include="ManejoMenus.cpp">
      <Filter>UI\Menus</Filter>
    </ClCompile>
    <ClCompile Include="Marquesina.cpp">
      <Filter>UI\Display</Filter>
    </ClCompile>
    <ClCompile Include="AdministradorChatRedLocal.cpp">
      <Filter>UI\Chat</Filter>
    </ClCompile>
    <ClCompile Include="AdministradorChatSocket.cpp">
      <Filter>UI\Chat</Filter>
    </ClCompile>
    <ClCompile Include="ArbolBGrafico.cpp">
      <Filter>DataStructures</Filter>
    </ClCompile>
    <ClCompile Include="CodigoQR.cpp">
      <Filter>QR</Filter>
    </ClCompile>
    <ClCompile Include="_ExportadorArchivo.cpp">
      <Filter>QR\Export</Filter>
    </ClCompile>
    <ClCompile Include="_BaseDatosArchivos.cpp">
      <Filter>DataBase</Filter>
    </ClCompile>
    <ClCompile Include="_BaseDatosPersona.cpp">
      <Filter>DataBase</Filter>
    </ClCompile>
    <ClCompile Include="ConexionMongo.cpp">
      <Filter>DataBase</Filter>
    </ClCompile>
    <ClCompile Include="DocumentacionDoxygen.cpp">
      <Filter>Archivos de origen</Filter>
    </ClCompile>
    <ClCompile Include="BancoManejaRegistro.cpp">
      <Filter>NucleoBancario\Business</Filter>
    </ClCompile>
    <ClCompile Include="CreadorCuentas.cpp">
      <Filter>DataBase</Filter>
    </ClCompile>
    <ClCompile Include="SistemaMenuPrincipal.cpp">
      <Filter>1MAIN</Filter>
    </ClCompile>
    <ClCompile Include="ConfiguradorSistema.cpp">
      <Filter>1MAIN</Filter>
    </ClCompile>
    <ClCompile Include="AplicacionPrincipal.cpp">
      <Filter>1MAIN</Filter>
    </ClCompile>
    <ClCompile Include="main.cpp">
      <Filter>1MAIN</Filter>
    </ClCompile>
    <ClCompile Include="BuscadorCuentas.cpp">
      <Filter>Archivos de origen</Filter>
    </ClCompile>
    <ClCompile Include="ValidadorBaseDatos.cpp">
      <Filter>Archivos de origen</Filter>
    </ClCompile>
    <ClCompile Include="ArbolBPlusGrafico.cpp">
      <Filter>Archivos de origen</Filter>
    </ClCompile>
    <ClCompile Include="GestorHashBaseDatos.cpp">
      <Filter>DataBase</Filter>
    </ClCompile>
    <ClCompile Include="PersonaValidator.cpp">
      <Filter>Archivos de origen</Filter>
    </ClCompile>
    <ClCompile Include="PersonaDataProcessor.cpp">
      <Filter>Archivos de origen</Filter>
    </ClCompile>
  </ItemGroup>
  <ItemGroup>
    <ClInclude Include="_CdocsMain.h">
      <Filter>Archivos de encabezado</Filter>
    </ClInclude>
    <ClInclude Include="Persona.h">
      <Filter>NucleoBancario\Entidad</Filter>
    </ClInclude>
    <ClInclude Include="Cuenta.h">
      <Filter>NucleoBancario\Entidad</Filter>
    </ClInclude>
    <ClInclude Include="CuentaAhorros.h">
      <Filter>NucleoBancario\Entidad</Filter>
    </ClInclude>
    <ClInclude Include="CuentaCorriente.h">
      <Filter>NucleoBancario\Entidad</Filter>
    </ClInclude>
    <ClInclude Include="Banco.h">
      <Filter>NucleoBancario\Business</Filter>
    </ClInclude>
    <ClInclude Include="BancoManejoCuenta.h">
      <Filter>NucleoBancario\Business</Filter>
    </ClInclude>
    <ClInclude Include="BancoManejoPersona.h">
      <Filter>NucleoBancario\Business</Filter>
    </ClInclude>
    <ClInclude Include="Validar.h">
      <Filter>Validaciones y Utilidades\Validation</Filter>
    </ClInclude>
    <ClInclude Include="Utilidades.h">
      <Filter>Validaciones y Utilidades\Utils</Filter>
    </ClInclude>
    <ClInclude Include="Fecha.h">
      <Filter>Validaciones y Utilidades\Utils</Filter>
    </ClInclude>
    <ClInclude Include="Cifrado.h">
      <Filter>Validaciones y Utilidades\Utils</Filter>
    </ClInclude>
    <ClInclude Include="ManejoMenus.h">
      <Filter>UI\Menus</Filter>
    </ClInclude>
    <ClInclude Include="Marquesina.h">
      <Filter>UI\Display</Filter>
    </ClInclude>
    <ClInclude Include="AdministradorChatRedLocal.h">
      <Filter>UI\Chat</Filter>
    </ClInclude>
    <ClInclude Include="AdministradorChatSocket.h">
      <Filter>UI\Chat</Filter>
    </ClInclude>
    <ClInclude Include="ArbolB.h">
      <Filter>DataStructures</Filter>
    </ClInclude>
    <ClInclude Include="ArbolBGrafico.h">
      <Filter>DataStructures</Filter>
    </ClInclude>
    <ClInclude Include="NodoArbolB.h">
      <Filter>DataStructures</Filter>
    </ClInclude>
    <ClInclude Include="NodoPersona.h">
      <Filter>DataStructures</Filter>
    </ClInclude>
    <ClInclude Include="CodigoQR.h">
      <Filter>QR</Filter>
    </ClInclude>
    <ClInclude Include="_ExportadorArchivo.h">
      <Filter>QR\Export</Filter>
    </ClInclude>
    <ClInclude Include="_BaseDatosArchivos.h">
      <Filter>DataBase</Filter>
    </ClInclude>
    <ClInclude Include="_BaseDatosPersona.h">
      <Filter>DataBase</Filter>
    </ClInclude>
    <ClInclude Include="ConexionMongo.h">
      <Filter>DataBase</Filter>
    </ClInclude>
    <ClInclude Include="DocumentacionDoxygen.h">
      <Filter>Archivos de encabezado</Filter>
    </ClInclude>
    <ClInclude Include="BancoManejaRegistro.h">
      <Filter>NucleoBancario\Business</Filter>
    </ClInclude>
    <ClInclude Include="CreadorCuentas.h">
      <Filter>DataBase</Filter>
    </ClInclude>
    <ClInclude Include="PersonaUI.h">
      <Filter>Archivos de encabezado</Filter>
    </ClInclude>
    <ClInclude Include="SistemaMenuPrincipal.h">
      <Filter>1MAIN</Filter>
    </ClInclude>
    <ClInclude Include="ConfiguradorSistema.h">
      <Filter>1MAIN</Filter>
    </ClInclude>
    <ClInclude Include="AplicacionPrincipal.h">
      <Filter>1MAIN</Filter>
    </ClInclude>
    <ClInclude Include="BuscadorCuentas.h">
      <Filter>Archivos de encabezado</Filter>
    </ClInclude>
    <ClInclude Include="ValidadorBaseDatos.h">
      <Filter>Archivos de encabezado</Filter>
    </ClInclude>
    <ClInclude Include="ArbolBPlusGrafico.h">
      <Filter>Archivos de encabezado</Filter>
    </ClInclude>
    <ClInclude Include="GestorHashBaseDatos.h">
      <Filter>DataBase</Filter>
    </ClInclude>
    <ClInclude Include="CuentaManager.h">
      <Filter>Archivos de encabezado</Filter>
    </ClInclude>
    <ClInclude Include="PersonaValidator.h">
      <Filter>Archivos de encabezado</Filter>
    </ClInclude>
    <ClInclude Include="PersonaDataProcessor.h">
      <Filter>Archivos de encabezado</Filter>
    </ClInclude>
  </ItemGroup>
  <ItemGroup>
    <None Include="latex\make.bat">
      <Filter>Archivos de origen</Filter>
    </None>
    <None Include="x64\Debug\AplicacionBancoCuenta.ilk" />
    <None Include="openal32.dll" />
    <None Include="secuencial_cuentas.dat" />
    <None Include="sfml-audio-2.dll" />
    <None Include="sfml-audio-d-2.dll" />
    <None Include="sfml-graphics-2.dll" />
    <None Include="sfml-graphics-d-2.dll" />
    <None Include="sfml-network-2.dll" />
    <None Include="sfml-network-d-2.dll" />
    <None Include="sfml-system-2.dll" />
    <None Include="sfml-system-d-2.dll" />
    <None Include="sfml-window-2.dll" />
    <None Include="sfml-window-d-2.dll" />
    <None Include="libwinpthread-1.dll" />
    <None Include="libatomic_64-1.dll" />
    <None Include="libatomic-1.dll" />
    <None Include="libgcc_s_dw2-1.dll" />
    <None Include="libgcc_s_seh_64-1.dll" />
    <None Include="libgcc_s_sjlj-1.dll" />
    <None Include="libgccjit-0.dll" />
    <None Include="libgfortran_64-5.dll" />
    <None Include="libgfortran-5.dll" />
    <None Include="libgnarl-10.dll" />
    <None Include="libgnat-10.dll" />
    <None Include="libgomp_64-1.dll" />
    <None Include="libgomp-1.dll" />
    <None Include="libiconv-2.dll" />
    <None Include="libintl-8.dll" />
    <None Include="libobjc_64-4.dll" />
    <None Include="libobjc-4.dll" />
    <None Include="libquadmath_64-0.dll" />
    <None Include="libquadmath-0.dll" />
    <None Include="libssp_64-0.dll" />
    <None Include="libssp-0.dll" />
    <None Include="libstdc++_64-6.dll" />
    <None Include="libstdc++-6.dll" />
    <None Include="libwinpthread_64-1.dll" />
  </ItemGroup>
  <ItemGroup>
    <Image Include="html\class_codigo_q_r_1_1_bit_buffer.png">
      <Filter>Archivos de recursos</Filter>
    </Image>
    <Image Include="html\class_codigo_q_r_1_1data__too__long.png">
      <Filter>Archivos de recursos</Filter>
    </Image>
    <Image Include="html\class_cuenta_ahorros.png">
      <Filter>Archivos de recursos</Filter>
    </Image>
    <Image Include="html\class_cuenta_corriente.png">
      <Filter>Archivos de recursos</Filter>
    </Image>
    <Image Include="html\classvector.png">
      <Filter>Archivos de recursos</Filter>
    </Image>
  </ItemGroup>
  <ItemGroup>
    <Font Include="arial.ttf" />
    <Font Include="arialbd.ttf" />
    <Font Include="arialbi.ttf" />
    <Font Include="ariali.ttf" />
    <Font Include="ARIALN.TTF" />
    <Font Include="ARIALNB.TTF" />
    <Font Include="ARIALNBI.TTF" />
    <Font Include="ARIALNI.TTF" />
    <Font Include="ariblk.ttf" />
  </ItemGroup>
  <ItemGroup>
    <Text Include="CMakeLists.txt" />
    <Text Include="ultimo_numero_cuenta.txt" />
  </ItemGroup>
  <ItemGroup>
    <Library Include="ogg.lib" />
    <Library Include="openal32.lib" />
    <Library Include="flac.lib" />
    <Library Include="freetype.lib" />
    <Library Include="sfml-audio.lib" />
    <Library Include="sfml-audio-d.lib" />
    <Library Include="sfml-audio-s.lib" />
    <Library Include="sfml-audio-s-d.lib" />
    <Library Include="sfml-graphics.lib" />
    <Library Include="sfml-graphics-d.lib" />
    <Library Include="sfml-graphics-s.lib" />
    <Library Include="sfml-graphics-s-d.lib" />
    <Library Include="sfml-main.lib" />
    <Library Include="sfml-main-d.lib" />
    <Library Include="sfml-network.lib" />
    <Library Include="sfml-network-d.lib" />
    <Library Include="sfml-network-s.lib" />
    <Library Include="sfml-network-s-d.lib" />
    <Library Include="sfml-system.lib" />
    <Library Include="sfml-system-d.lib" />
    <Library Include="sfml-system-s.lib" />
    <Library Include="sfml-system-s-d.lib" />
    <Library Include="sfml-window.lib" />
    <Library Include="sfml-window-d.lib" />
    <Library Include="sfml-window-s.lib" />
    <Library Include="sfml-window-s-d.lib" />
    <Library Include="vorbis.lib" />
    <Library Include="vorbisenc.lib" />
    <Library Include="vorbisfile.lib" />
  </ItemGroup>
</Project>