<?xml version="1.0" encoding="utf-8"?>
<Project ToolsVersion="4.0" xmlns="http://schemas.microsoft.com/developer/msbuild/2003">
  <ItemGroup>
    <Filter Include="Archivos de origen">
      <UniqueIdentifier>{4FC737F1-C7A5-4376-A066-2A32D752A2FF}</UniqueIdentifier>
      <Extensions>cpp;c;cc;cxx;c++;cppm;ixx;def;odl;idl;hpj;bat;asm;asmx</Extensions>
    </Filter>
    <Filter Include="Archivos de encabezado">
      <UniqueIdentifier>{93995380-89BD-4b04-88EB-625FBE52EBFB}</UniqueIdentifier>
      <Extensions>h;hh;hpp;hxx;h++;hm;inl;inc;ipp;xsd</Extensions>
    </Filter>
    <Filter Include="Archivos de recursos">
      <UniqueIdentifier>{67DA6AB6-F800-4c08-8B7A-83BB121AAD01}</UniqueIdentifier>
      <Extensions>rc;ico;cur;bmp;dlg;rc2;rct;bin;rgs;gif;jpg;jpeg;jpe;resx;tiff;tif;png;wav;mfcribbon-ms</Extensions>
    </Filter>
  </ItemGroup>
  <ItemGroup>
    <ClCompile Include="Persona.cpp">
      <Filter>Archivos de origen</Filter>
    </ClCompile>
    <ClCompile Include="Fecha.cpp">
      <Filter>Archivos de origen</Filter>
    </ClCompile>
    <ClCompile Include="main.cpp">
      <Filter>Archivos de origen</Filter>
    </ClCompile>
    <ClCompile Include="Validar.cpp">
      <Filter>Archivos de origen</Filter>
    </ClCompile>
    <ClCompile Include="Utilidades.cpp">
      <Filter>Archivos de origen</Filter>
    </ClCompile>
    <ClCompile Include="Cifrado.cpp">
      <Filter>Archivos de origen</Filter>
    </ClCompile>
    <ClCompile Include="Banco.cpp">
      <Filter>Archivos de origen</Filter>
    </ClCompile>
    <ClCompile Include="CuentaAhorros.cpp">
      <Filter>Archivos de origen</Filter>
    </ClCompile>
    <ClCompile Include="CuentaCorriente.cpp">
      <Filter>Archivos de origen</Filter>
    </ClCompile>
    <ClCompile Include="Marquesina.cpp">
      <Filter>Archivos de origen</Filter>
    </ClCompile>
    <ClCompile Include="CodigoQR.cpp">
      <Filter>Archivos de origen</Filter>
    </ClCompile>
    <ClCompile Include="ArbolBGrafico.cpp">
      <Filter>Archivos de origen</Filter>
    </ClCompile>
    <ClCompile Include="_ExportadorArchivo.cpp">
      <Filter>Archivos de origen</Filter>
    </ClCompile>
    <ClCompile Include="_BaseDatosPersona.cpp">
      <Filter>Archivos de origen</Filter>
    </ClCompile>
    <ClCompile Include="_BaseDatosArchivos.cpp">
      <Filter>Archivos de origen</Filter>
    </ClCompile>
    <ClCompile Include="PruebaQR.cpp">
      <Filter>Archivos de origen</Filter>
    </ClCompile>
    <ClCompile Include="ConexionMongo.cpp">
      <Filter>Archivos de origen</Filter>
    </ClCompile>
    <ClCompile Include="AdministradorChatRedLocal.cpp">
      <Filter>Archivos de origen</Filter>
    </ClCompile>
    <ClCompile Include="AdministradorChatSocket.cpp">
      <Filter>Archivos de origen</Filter>
    </ClCompile>
    <ClCompile Include="ManejoMenus.cpp">
      <Filter>Archivos de origen</Filter>
    </ClCompile>
  </ItemGroup>
  <ItemGroup>
    <ClInclude Include="Persona.h">
      <Filter>Archivos de encabezado</Filter>
    </ClInclude>
    <ClInclude Include="Fecha.h">
      <Filter>Archivos de encabezado</Filter>
    </ClInclude>
    <ClInclude Include="Cuenta.h">
      <Filter>Archivos de encabezado</Filter>
    </ClInclude>
    <ClInclude Include="CuentaAhorros.h">
      <Filter>Archivos de encabezado</Filter>
    </ClInclude>
    <ClInclude Include="CuentaCorriente.h">
      <Filter>Archivos de encabezado</Filter>
    </ClInclude>
    <ClInclude Include="Validar.h">
      <Filter>Archivos de encabezado</Filter>
    </ClInclude>
    <ClInclude Include="Cifrado.h">
      <Filter>Archivos de encabezado</Filter>
    </ClInclude>
    <ClInclude Include="Utilidades.h">
      <Filter>Archivos de encabezado</Filter>
    </ClInclude>
    <ClInclude Include="Banco.h">
      <Filter>Archivos de encabezado</Filter>
    </ClInclude>
    <ClInclude Include="NodoPersona.h">
      <Filter>Archivos de encabezado</Filter>
    </ClInclude>
    <ClInclude Include="Marquesina.h">
      <Filter>Archivos de encabezado</Filter>
    </ClInclude>
    <ClInclude Include="CodigoQR.h">
      <Filter>Archivos de encabezado</Filter>
    </ClInclude>
    <ClInclude Include="_CdocsMain.h">
      <Filter>Archivos de encabezado</Filter>
    </ClInclude>
    <ClInclude Include="ArbolB.h">
      <Filter>Archivos de encabezado</Filter>
    </ClInclude>
    <ClInclude Include="ArbolBGrafico.h">
      <Filter>Archivos de encabezado</Filter>
    </ClInclude>
    <ClInclude Include="_ExportadorArchivo.h">
      <Filter>Archivos de encabezado</Filter>
    </ClInclude>
    <ClInclude Include="_BaseDatosPersona.h">
      <Filter>Archivos de encabezado</Filter>
    </ClInclude>
    <ClInclude Include="_BaseDatosArchivos.h">
      <Filter>Archivos de encabezado</Filter>
    </ClInclude>
    <ClInclude Include="NodoArbolB.h">
      <Filter>Archivos de encabezado</Filter>
    </ClInclude>
    <ClInclude Include="ConexionMongo.h">
      <Filter>Archivos de encabezado</Filter>
    </ClInclude>
    <ClInclude Include="AdministradorChatRedLocal.h">
      <Filter>Archivos de encabezado</Filter>
    </ClInclude>
    <ClInclude Include="AdministradorChatSocket.h">
      <Filter>Archivos de encabezado</Filter>
    </ClInclude>
    <ClInclude Include="ManejoMenus.h">
      <Filter>Archivos de encabezado</Filter>
    </ClInclude>
  </ItemGroup>
  <ItemGroup>
    <None Include="html\___cdocs_main_8h.html" />
    <None Include="html\___cdocs_main_8h_source.html" />
    <None Include="html\_banco_8cpp.html" />
    <None Include="html\_banco_8h_source.html" />
    <None Include="html\_cifrado_8cpp.html" />
    <None Include="html\_cifrado_8h_source.html" />
    <None Include="html\_codigo_q_r_8cpp.html" />
    <None Include="html\_codigo_q_r_8cpp.js" />
    <None Include="html\_codigo_q_r_8h_source.html" />
    <None Include="html\_cuenta_8h_source.html" />
    <None Include="html\_cuenta_ahorros_8cpp.html" />
    <None Include="html\_cuenta_ahorros_8h_source.html" />
    <None Include="html\_cuenta_corriente_8cpp.html" />
    <None Include="html\_cuenta_corriente_8h_source.html" />
    <None Include="html\_fecha_8cpp.html" />
    <None Include="html\_fecha_8h_source.html" />
    <None Include="html\_generador_q_r_banco__clean_8h_source.html" />
    <None Include="html\_generador_q_r_banco__fixed_8h_source.html" />
    <None Include="html\_marquesina_8cpp.html" />
    <None Include="html\_marquesina_8h_source.html" />
    <None Include="html\_nodo_persona_8h_source.html" />
    <None Include="html\_persona_8cpp.html" />
    <None Include="html\_persona_8cpp.js" />
    <None Include="html\_persona_8h_source.html" />
    <None Include="html\_utilidades_8cpp.html" />
    <None Include="html\_utilidades_8cpp.js" />
    <None Include="html\_utilidades_8h_source.html" />
    <None Include="html\_validar_8cpp.html" />
    <None Include="html\_validar_8h_source.html" />
    <None Include="html\annotated.html" />
    <None Include="html\annotated_dup.js" />
    <None Include="html\clases.html" />
    <None Include="html\class_arbol_b.html" />
    <None Include="html\class_arbol_b.js" />
    <None Include="html\class_arbol_b-members.html" />
    <None Include="html\class_banco.html" />
    <None Include="html\class_banco.js" />
    <None Include="html\class_banco-members.html" />
    <None Include="html\class_cifrado.html" />
    <None Include="html\class_cifrado-members.html" />
    <None Include="html\class_codigo_q_r_1_1_bit_buffer.html" />
    <None Include="html\class_codigo_q_r_1_1_bit_buffer.js" />
    <None Include="html\class_codigo_q_r_1_1_bit_buffer-members.html" />
    <None Include="html\class_codigo_q_r_1_1_generador_q_r_texto_plano.html" />
    <None Include="html\class_codigo_q_r_1_1_generador_q_r_texto_plano.js" />
    <None Include="html\class_codigo_q_r_1_1_generador_q_r_texto_plano-members.html" />
    <None Include="html\class_codigo_q_r_1_1_qr_code.html" />
    <None Include="html\class_codigo_q_r_1_1_qr_code.js" />
    <None Include="html\class_codigo_q_r_1_1_qr_code-members.html" />
    <None Include="html\class_codigo_q_r_1_1_qr_segment.html" />
    <None Include="html\class_codigo_q_r_1_1_qr_segment.js" />
    <None Include="html\class_codigo_q_r_1_1_qr_segment_1_1_mode.html" />
    <None Include="html\class_codigo_q_r_1_1_qr_segment_1_1_mode.js" />
    <None Include="html\class_codigo_q_r_1_1_qr_segment_1_1_mode-members.html" />
    <None Include="html\class_codigo_q_r_1_1_qr_segment-members.html" />
    <None Include="html\class_codigo_q_r_1_1data__too__long.html" />
    <None Include="html\class_codigo_q_r_1_1data__too__long.js" />
    <None Include="html\class_codigo_q_r_1_1data__too__long-members.html" />
    <None Include="html\class_cuenta.html" />
    <None Include="html\class_cuenta.js" />
    <None Include="html\class_cuenta_ahorros.html" />
    <None Include="html\class_cuenta_ahorros.js" />
    <None Include="html\class_cuenta_ahorros-members.html" />
    <None Include="html\class_cuenta_corriente.html" />
    <None Include="html\class_cuenta_corriente.js" />
    <None Include="html\class_cuenta_corriente-members.html" />
    <None Include="html\class_cuenta-members.html" />
    <None Include="html\class_fecha.html" />
    <None Include="html\class_fecha.js" />
    <None Include="html\class_fecha-members.html" />
    <None Include="html\class_generador_q_r_banco.html" />
    <None Include="html\class_generador_q_r_banco-members.html" />
    <None Include="html\class_marquesina.html" />
    <None Include="html\class_marquesina.js" />
    <None Include="html\class_marquesina-members.html" />
    <None Include="html\class_nodo_arbol_b.html" />
    <None Include="html\class_nodo_arbol_b.js" />
    <None Include="html\class_nodo_arbol_b-members.html" />
    <None Include="html\class_nodo_persona.html" />
    <None Include="html\class_nodo_persona.js" />
    <None Include="html\class_nodo_persona-members.html" />
    <None Include="html\class_persona.html" />
    <None Include="html\class_persona.js" />
    <None Include="html\class_persona-members.html" />
    <None Include="html\class_utilidades.html" />
    <None Include="html\class_utilidades-members.html" />
    <None Include="html\class_validar.html" />
    <None Include="html\class_validar-members.html" />
    <None Include="html\classes.html" />
    <None Include="html\classvector.html" />
    <None Include="html\clipboard.js" />
    <None Include="html\cookie.js" />
    <None Include="html\doxygen.css" />
    <None Include="html\doxygen.svg" />
    <None Include="html\doxygen_crawl.html" />
    <None Include="html\dynsections.js" />
    <None Include="html\estructuras.html" />
    <None Include="html\files.html" />
    <None Include="html\files_dup.js" />
    <None Include="html\functions.html" />
    <None Include="html\functions_~.html" />
    <None Include="html\functions_b.html" />
    <None Include="html\functions_c.html" />
    <None Include="html\functions_d.html" />
    <None Include="html\functions_dup.js" />
    <None Include="html\functions_e.html" />
    <None Include="html\functions_enum.html" />
    <None Include="html\functions_f.html" />
    <None Include="html\functions_func.html" />
    <None Include="html\functions_func.js" />
    <None Include="html\functions_func_~.html" />
    <None Include="html\functions_func_b.html" />
    <None Include="html\functions_func_c.html" />
    <None Include="html\functions_func_d.html" />
    <None Include="html\functions_func_e.html" />
    <None Include="html\functions_func_f.html" />
    <None Include="html\functions_func_g.html" />
    <None Include="html\functions_func_i.html" />
    <None Include="html\functions_func_l.html" />
    <None Include="html\functions_func_m.html" />
    <None Include="html\functions_func_n.html" />
    <None Include="html\functions_func_o.html" />
    <None Include="html\functions_func_p.html" />
    <None Include="html\functions_func_q.html" />
    <None Include="html\functions_func_r.html" />
    <None Include="html\functions_func_s.html" />
    <None Include="html\functions_func_t.html" />
    <None Include="html\functions_func_v.html" />
    <None Include="html\functions_g.html" />
    <None Include="html\functions_h.html" />
    <None Include="html\functions_i.html" />
    <None Include="html\functions_k.html" />
    <None Include="html\functions_l.html" />
    <None Include="html\functions_m.html" />
    <None Include="html\functions_n.html" />
    <None Include="html\functions_o.html" />
    <None Include="html\functions_p.html" />
    <None Include="html\functions_q.html" />
    <None Include="html\functions_r.html" />
    <None Include="html\functions_s.html" />
    <None Include="html\functions_t.html" />
    <None Include="html\functions_v.html" />
    <None Include="html\functions_vars.html" />
    <None Include="html\globals.html" />
    <None Include="html\globals_func.html" />
    <None Include="html\globals_vars.html" />
    <None Include="html\group___archivos_encabezado.html" />
    <None Include="html\group___archivos_encabezado.js" />
    <None Include="html\group___archivos_origen.html" />
    <None Include="html\group___archivos_origen.js" />
    <None Include="html\group___banco_c_p_p.html" />
    <None Include="html\group___banco_h.html" />
    <None Include="html\group___cifrado_c_p_p.html" />
    <None Include="html\group___cifrado_h.html" />
    <None Include="html\group___codigo_q_r_c_p_p.html" />
    <None Include="html\group___codigo_q_r_h.html" />
    <None Include="html\group___cuenta_ahorros_c_p_p.html" />
    <None Include="html\group___cuenta_ahorros_h.html" />
    <None Include="html\group___cuenta_corriente_c_p_p.html" />
    <None Include="html\group___cuenta_corriente_h.html" />
    <None Include="html\group___cuenta_h.html" />
    <None Include="html\group___fecha_c_p_p.html" />
    <None Include="html\group___fecha_h.html" />
    <None Include="html\group___main_c_p_p.html" />
    <None Include="html\group___marquesina_c_p_p.html" />
    <None Include="html\group___marquesina_h.html" />
    <None Include="html\group___menu_principal.html" />
    <None Include="html\group___menu_principal.js" />
    <None Include="html\group___nodo_persona_h.html" />
    <None Include="html\group___persona_c_p_p.html" />
    <None Include="html\group___persona_h.html" />
    <None Include="html\group___utilidades_c_p_p.html" />
    <None Include="html\group___utilidades_h.html" />
    <None Include="html\group___validar_c_p_p.html" />
    <None Include="html\group___validar_h.html" />
    <None Include="html\hierarchy.html" />
    <None Include="html\hierarchy.js" />
    <None Include="html\index.html" />
    <None Include="html\index.js" />
    <None Include="html\jquery.js" />
    <None Include="html\main_8cpp.html" />
    <None Include="html\main_8cpp.js" />
    <None Include="html\md__d_o_c_u_m_e_n_t_a_c_i_o_n___q_r___o_p_t_i_m_i_z_a_d_o.html" />
    <None Include="html\md__r_e_f_e_r_e_n_c_i_a___r_a_p_i_d_a.html" />
    <None Include="html\menu.js" />
    <None Include="html\menudata.js" />
    <None Include="html\namespace_codigo_q_r.html" />
    <None Include="html\namespace_codigo_q_r.js" />
    <None Include="html\namespace_persona_u_i.html" />
    <None Include="html\namespacemembers.html" />
    <None Include="html\namespacemembers_vars.html" />
    <None Include="html\namespaces.html" />
    <None Include="html\namespaces_dup.js" />
    <None Include="html\navtree.css" />
    <None Include="html\navtree.js" />
    <None Include="html\navtreedata.js" />
    <None Include="html\navtreeindex0.js" />
    <None Include="html\navtreeindex1.js" />
    <None Include="html\pages.html" />
    <None Include="html\struct_elemento_marquesina.html" />
    <None Include="html\struct_elemento_marquesina.js" />
    <None Include="html\struct_elemento_marquesina-members.html" />
    <None Include="html\tabs.css" />
    <None Include="html\tecnologias.html" />
    <None Include="html\topics.html" />
    <None Include="html\topics.js" />
    <None Include="latex\___cdocs_main_8h.tex" />
    <None Include="latex\___cdocs_main_8h_source.tex" />
    <None Include="latex\_banco_8cpp.tex" />
    <None Include="latex\_banco_8h_source.tex" />
    <None Include="latex\_cifrado_8cpp.tex" />
    <None Include="latex\_cifrado_8h_source.tex" />
    <None Include="latex\_codigo_q_r_8cpp.tex" />
    <None Include="latex\_codigo_q_r_8h_source.tex" />
    <None Include="latex\_cuenta_8h_source.tex" />
    <None Include="latex\_cuenta_ahorros_8cpp.tex" />
    <None Include="latex\_cuenta_ahorros_8h_source.tex" />
    <None Include="latex\_cuenta_corriente_8cpp.tex" />
    <None Include="latex\_cuenta_corriente_8h_source.tex" />
    <None Include="latex\_fecha_8cpp.tex" />
    <None Include="latex\_fecha_8h_source.tex" />
    <None Include="latex\_generador_q_r_banco__clean_8h_source.tex" />
    <None Include="latex\_generador_q_r_banco__fixed_8h_source.tex" />
    <None Include="latex\_marquesina_8cpp.tex" />
    <None Include="latex\_marquesina_8h_source.tex" />
    <None Include="latex\_nodo_persona_8h_source.tex" />
    <None Include="latex\_persona_8cpp.tex" />
    <None Include="latex\_persona_8h_source.tex" />
    <None Include="latex\_utilidades_8cpp.tex" />
    <None Include="latex\_utilidades_8h_source.tex" />
    <None Include="latex\_validar_8cpp.tex" />
    <None Include="latex\_validar_8h_source.tex" />
    <None Include="latex\annotated.tex" />
    <None Include="latex\clases.tex" />
    <None Include="latex\class_arbol_b.tex" />
    <None Include="latex\class_banco.tex" />
    <None Include="latex\class_cifrado.tex" />
    <None Include="latex\class_codigo_q_r_1_1_bit_buffer.eps" />
    <None Include="latex\class_codigo_q_r_1_1_bit_buffer.tex" />
    <None Include="latex\class_codigo_q_r_1_1_generador_q_r_texto_plano.tex" />
    <None Include="latex\class_codigo_q_r_1_1_qr_code.tex" />
    <None Include="latex\class_codigo_q_r_1_1_qr_segment.tex" />
    <None Include="latex\class_codigo_q_r_1_1_qr_segment_1_1_mode.tex" />
    <None Include="latex\class_codigo_q_r_1_1data__too__long.eps" />
    <None Include="latex\class_codigo_q_r_1_1data__too__long.tex" />
    <None Include="latex\class_cuenta.tex" />
    <None Include="latex\class_cuenta_ahorros.eps" />
    <None Include="latex\class_cuenta_ahorros.tex" />
    <None Include="latex\class_cuenta_corriente.eps" />
    <None Include="latex\class_cuenta_corriente.tex" />
    <None Include="latex\class_fecha.tex" />
    <None Include="latex\class_generador_q_r_banco.tex" />
    <None Include="latex\class_marquesina.tex" />
    <None Include="latex\class_nodo_arbol_b.tex" />
    <None Include="latex\class_nodo_persona.tex" />
    <None Include="latex\class_persona.tex" />
    <None Include="latex\class_utilidades.tex" />
    <None Include="latex\class_validar.tex" />
    <None Include="latex\classvector.eps" />
    <None Include="latex\classvector.tex" />
    <None Include="latex\doxygen.sty" />
    <None Include="latex\estructuras.tex" />
    <None Include="latex\etoc_doxygen.sty" />
    <None Include="latex\files.tex" />
    <None Include="latex\group___archivos_encabezado.tex" />
    <None Include="latex\group___archivos_origen.tex" />
    <None Include="latex\group___banco_c_p_p.tex" />
    <None Include="latex\group___banco_h.tex" />
    <None Include="latex\group___cifrado_c_p_p.tex" />
    <None Include="latex\group___cifrado_h.tex" />
    <None Include="latex\group___codigo_q_r_c_p_p.tex" />
    <None Include="latex\group___codigo_q_r_h.tex" />
    <None Include="latex\group___cuenta_ahorros_c_p_p.tex" />
    <None Include="latex\group___cuenta_ahorros_h.tex" />
    <None Include="latex\group___cuenta_corriente_c_p_p.tex" />
    <None Include="latex\group___cuenta_corriente_h.tex" />
    <None Include="latex\group___cuenta_h.tex" />
    <None Include="latex\group___fecha_c_p_p.tex" />
    <None Include="latex\group___fecha_h.tex" />
    <None Include="latex\group___main_c_p_p.tex" />
    <None Include="latex\group___marquesina_c_p_p.tex" />
    <None Include="latex\group___marquesina_h.tex" />
    <None Include="latex\group___menu_principal.tex" />
    <None Include="latex\group___nodo_persona_h.tex" />
    <None Include="latex\group___persona_c_p_p.tex" />
    <None Include="latex\group___persona_h.tex" />
    <None Include="latex\group___utilidades_c_p_p.tex" />
    <None Include="latex\group___utilidades_h.tex" />
    <None Include="latex\group___validar_c_p_p.tex" />
    <None Include="latex\group___validar_h.tex" />
    <None Include="latex\hierarchy.tex" />
    <None Include="latex\index.tex" />
    <None Include="latex\longtable_doxygen.sty" />
    <None Include="latex\main_8cpp.tex" />
    <None Include="latex\make.bat">
      <Filter>Archivos de origen</Filter>
    </None>
    <None Include="latex\Makefile" />
    <None Include="latex\md__d_o_c_u_m_e_n_t_a_c_i_o_n___q_r___o_p_t_i_m_i_z_a_d_o.tex" />
    <None Include="latex\md__r_e_f_e_r_e_n_c_i_a___r_a_p_i_d_a.tex" />
    <None Include="latex\namespace_codigo_q_r.tex" />
    <None Include="latex\namespace_persona_u_i.tex" />
    <None Include="latex\namespaces.tex" />
    <None Include="latex\refman.tex" />
    <None Include="latex\struct_elemento_marquesina.tex" />
    <None Include="latex\tabu_doxygen.sty" />
    <None Include="latex\tecnologias.tex" />
    <None Include="latex\topics.tex" />
    <None Include="Doxyfile.bak" />
    <None Include="Doxyfile" />
    <None Include=".vscode\settings.json" />
    <None Include="marquesina.html" />
    <None Include="DOCUMENTACION_QR_OPTIMIZADO.md" />
    <None Include="x64\Debug\AplicacionBancoCuenta.ilk" />
    <None Include="openal32.dll" />
    <None Include="secuencial_cuentas.dat" />
    <None Include="sfml-audio-2.dll" />
    <None Include="sfml-audio-d-2.dll" />
    <None Include="sfml-graphics-2.dll" />
    <None Include="sfml-graphics-d-2.dll" />
    <None Include="sfml-network-2.dll" />
    <None Include="sfml-network-d-2.dll" />
    <None Include="sfml-system-2.dll" />
    <None Include="sfml-system-d-2.dll" />
    <None Include="sfml-window-2.dll" />
    <None Include="sfml-window-d-2.dll" />
    <None Include="libwinpthread-1.dll" />
    <None Include="libatomic_64-1.dll" />
    <None Include="libatomic-1.dll" />
    <None Include="libgcc_s_dw2-1.dll" />
    <None Include="libgcc_s_seh_64-1.dll" />
    <None Include="libgcc_s_sjlj-1.dll" />
    <None Include="libgccjit-0.dll" />
    <None Include="libgfortran_64-5.dll" />
    <None Include="libgfortran-5.dll" />
    <None Include="libgnarl-10.dll" />
    <None Include="libgnat-10.dll" />
    <None Include="libgomp_64-1.dll" />
    <None Include="libgomp-1.dll" />
    <None Include="libiconv-2.dll" />
    <None Include="libintl-8.dll" />
    <None Include="libobjc_64-4.dll" />
    <None Include="libobjc-4.dll" />
    <None Include="libquadmath_64-0.dll" />
    <None Include="libquadmath-0.dll" />
    <None Include="libssp_64-0.dll" />
    <None Include="libssp-0.dll" />
    <None Include="libstdc++_64-6.dll" />
    <None Include="libstdc++-6.dll" />
    <None Include="libwinpthread_64-1.dll" />
  </ItemGroup>
  <ItemGroup>
    <Image Include="html\class_codigo_q_r_1_1_bit_buffer.png">
      <Filter>Archivos de recursos</Filter>
    </Image>
    <Image Include="html\class_codigo_q_r_1_1data__too__long.png">
      <Filter>Archivos de recursos</Filter>
    </Image>
    <Image Include="html\class_cuenta_ahorros.png">
      <Filter>Archivos de recursos</Filter>
    </Image>
    <Image Include="html\class_cuenta_corriente.png">
      <Filter>Archivos de recursos</Filter>
    </Image>
    <Image Include="html\classvector.png">
      <Filter>Archivos de recursos</Filter>
    </Image>
  </ItemGroup>
  <ItemGroup>
    <Font Include="arial.ttf" />
    <Font Include="arialbd.ttf" />
    <Font Include="arialbi.ttf" />
    <Font Include="ariali.ttf" />
    <Font Include="ARIALN.TTF" />
    <Font Include="ARIALNB.TTF" />
    <Font Include="ARIALNBI.TTF" />
    <Font Include="ARIALNI.TTF" />
    <Font Include="ariblk.ttf" />
  </ItemGroup>
  <ItemGroup>
    <Text Include="CMakeLists.txt" />
    <Text Include="personas.txt" />
    <Text Include="ultimo_numero_cuenta.txt" />
  </ItemGroup>
  <ItemGroup>
    <Library Include="ogg.lib" />
    <Library Include="openal32.lib" />
    <Library Include="flac.lib" />
    <Library Include="freetype.lib" />
    <Library Include="sfml-audio.lib" />
    <Library Include="sfml-audio-d.lib" />
    <Library Include="sfml-audio-s.lib" />
    <Library Include="sfml-audio-s-d.lib" />
    <Library Include="sfml-graphics.lib" />
    <Library Include="sfml-graphics-d.lib" />
    <Library Include="sfml-graphics-s.lib" />
    <Library Include="sfml-graphics-s-d.lib" />
    <Library Include="sfml-main.lib" />
    <Library Include="sfml-main-d.lib" />
    <Library Include="sfml-network.lib" />
    <Library Include="sfml-network-d.lib" />
    <Library Include="sfml-network-s.lib" />
    <Library Include="sfml-network-s-d.lib" />
    <Library Include="sfml-system.lib" />
    <Library Include="sfml-system-d.lib" />
    <Library Include="sfml-system-s.lib" />
    <Library Include="sfml-system-s-d.lib" />
    <Library Include="sfml-window.lib" />
    <Library Include="sfml-window-d.lib" />
    <Library Include="sfml-window-s.lib" />
    <Library Include="sfml-window-s-d.lib" />
    <Library Include="vorbis.lib" />
    <Library Include="vorbisenc.lib" />
    <Library Include="vorbisfile.lib" />
  </ItemGroup>
</Project>