<?xml version="1.0" encoding="utf-8"?>
<Project ToolsVersion="4.0" xmlns="http://schemas.microsoft.com/developer/msbuild/2003">
  <ItemGroup>
    <!-- FILTROS ORGANIZADOS POR FUNCIONALIDAD -->
    
    <!-- 1. NÚCLEO BANCARIO -->
    <Filter Include="01_Core">
      <UniqueIdentifier>{4FC737F1-C7A5-4376-A066-2A32D752A2FF}</UniqueIdentifier>
    </Filter>
    <Filter Include="01_Core\Entities">
      <UniqueIdentifier>{1A1A1A1A-1111-1111-1111-111111111111}</UniqueIdentifier>
    </Filter>
    <Filter Include="01_Core\Business">
      <UniqueIdentifier>{2B2B2B2B-2222-2222-2222-222222222222}</UniqueIdentifier>
    </Filter>
    
    <!-- 2. VALIDACIONES -->
    <Filter Include="02_Validation">
      <UniqueIdentifier>{3C3C3C3C-3333-3333-3333-333333333333}</UniqueIdentifier>
    </Filter>
    
    <!-- 3. UTILIDADES -->
    <Filter Include="03_Utils">
      <UniqueIdentifier>{4D4D4D4D-4444-4444-4444-444444444444}</UniqueIdentifier>
    </Filter>
    
    <!-- 4. INTERFAZ DE USUARIO -->
    <Filter Include="04_UI">
      <UniqueIdentifier>{5E5E5E5E-5555-5555-5555-555555555555}</UniqueIdentifier>
    </Filter>
    <Filter Include="04_UI\Menus">
      <UniqueIdentifier>{6F6F6F6F-6666-6666-6666-666666666666}</UniqueIdentifier>
    </Filter>
    <Filter Include="04_UI\Display">
      <UniqueIdentifier>{7A7A7A7A-7777-7777-7777-777777777777}</UniqueIdentifier>
    </Filter>
    <Filter Include="04_UI\Chat">
      <UniqueIdentifier>{8B8B8B8B-8888-8888-8888-888888888888}</UniqueIdentifier>
    </Filter>
    
    <!-- 5. ESTRUCTURAS DE DATOS -->
    <Filter Include="05_DataStructures">
      <UniqueIdentifier>{9C9C9C9C-9999-9999-9999-999999999999}</UniqueIdentifier>
    </Filter>
    
    <!-- 6. CÓDIGOS QR Y EXPORTACIÓN -->
    <Filter Include="06_QR_Export">
      <UniqueIdentifier>{0D0D0D0D-DDDD-DDDD-DDDD-DDDDDDDDDDDD}</UniqueIdentifier>
    </Filter>
    
    <!-- 7. BASE DE DATOS -->
    <Filter Include="07_Database">
      <UniqueIdentifier>{1E1E1E1E-EEEE-EEEE-EEEE-EEEEEEEEEEEE}</UniqueIdentifier>
    </Filter>
    
    <!-- 8. APLICACIÓN PRINCIPAL -->
    <Filter Include="08_App">
      <UniqueIdentifier>{2F2F2F2F-FFFF-FFFF-FFFF-FFFFFFFFFFFF}</UniqueIdentifier>
    </Filter>
    
    <!-- 9. RECURSOS -->
    <Filter Include="09_Resources">
      <UniqueIdentifier>{67DA6AB6-F800-4c08-8B7A-83BB121AAD01}</UniqueIdentifier>
      <Extensions>rc;ico;cur;bmp;dlg;rc2;rct;bin;rgs;gif;jpg;jpeg;jpe;resx;tiff;tif;png;wav;mfcribbon-ms</Extensions>
    </Filter>
  </ItemGroup>
  
  <ItemGroup>
    <!-- ============ ARCHIVOS .CPP ============ -->
    
    <!-- NÚCLEO BANCARIO - ENTIDADES -->
    <ClCompile Include="Persona.cpp">
      <Filter>01_Core\Entities</Filter>
    </ClCompile>
    <ClCompile Include="CuentaAhorros.cpp">
      <Filter>01_Core\Entities</Filter>
    </ClCompile>
    <ClCompile Include="CuentaCorriente.cpp">
      <Filter>01_Core\Entities</Filter>
    </ClCompile>
    
    <!-- NÚCLEO BANCARIO - LÓGICA DE NEGOCIO -->
    <ClCompile Include="Banco.cpp">
      <Filter>01_Core\Business</Filter>
    </ClCompile>
    <ClCompile Include="BancoManejoCuenta.cpp">
      <Filter>01_Core\Business</Filter>
    </ClCompile>
    <ClCompile Include="BancoManejoPersona.cpp">
      <Filter>01_Core\Business</Filter>
    </ClCompile>
    
    <!-- VALIDACIONES -->
    <ClCompile Include="Validar.cpp">
      <Filter>02_Validation</Filter>
    </ClCompile>
    
    <!-- UTILIDADES -->
    <ClCompile Include="Utilidades.cpp">
      <Filter>03_Utils</Filter>
    </ClCompile>
    <ClCompile Include="Fecha.cpp">
      <Filter>03_Utils</Filter>
    </ClCompile>
    <ClCompile Include="Cifrado.cpp">
      <Filter>03_Utils</Filter>
    </ClCompile>
    
    <!-- INTERFAZ DE USUARIO - MENÚS -->
    <ClCompile Include="ManejoMenus.cpp">
      <Filter>04_UI\Menus</Filter>
    </ClCompile>
    
    <!-- INTERFAZ DE USUARIO - DISPLAY -->
    <ClCompile Include="Marquesina.cpp">
      <Filter>04_UI\Display</Filter>
    </ClCompile>
    
    <!-- INTERFAZ DE USUARIO - CHAT -->
    <ClCompile Include="AdministradorChatRedLocal.cpp">
      <Filter>04_UI\Chat</Filter>
    </ClCompile>
    <ClCompile Include="AdministradorChatSocket.cpp">
      <Filter>04_UI\Chat</Filter>
    </ClCompile>
    
    <!-- ESTRUCTURAS DE DATOS -->
    <ClCompile Include="ArbolBGrafico.cpp">
      <Filter>05_DataStructures</Filter>
    </ClCompile>
    
    <!-- CÓDIGOS QR Y EXPORTACIÓN -->
    <ClCompile Include="CodigoQR.cpp">
      <Filter>06_QR_Export</Filter>
    </ClCompile>
    <ClCompile Include="PruebaQR.cpp">
      <Filter>06_QR_Export</Filter>
    </ClCompile>
    <ClCompile Include="_ExportadorArchivo.cpp">
      <Filter>06_QR_Export</Filter>
    </ClCompile>
    
    <!-- BASE DE DATOS -->
    <ClCompile Include="_BaseDatosPersona.cpp">
      <Filter>07_Database</Filter>
    </ClCompile>
    <ClCompile Include="_BaseDatosArchivos.cpp">
      <Filter>07_Database</Filter>
    </ClCompile>
    <ClCompile Include="ConexionMongo.cpp">
      <Filter>07_Database</Filter>
    </ClCompile>
    
    <!-- APLICACIÓN PRINCIPAL -->
    <ClCompile Include="main.cpp">
      <Filter>08_App</Filter>
    </ClCompile>
  </ItemGroup>
  
  <ItemGroup>
    <!-- ============ ARCHIVOS .H ============ -->
    
    <!-- NÚCLEO BANCARIO - ENTIDADES -->
    <ClInclude Include="Persona.h">
      <Filter>01_Core\Entities</Filter>
    </ClInclude>
    <ClInclude Include="Cuenta.h">
      <Filter>01_Core\Entities</Filter>
    </ClInclude>
    <ClInclude Include="CuentaAhorros.h">
      <Filter>01_Core\Entities</Filter>
    </ClInclude>
    <ClInclude Include="CuentaCorriente.h">
      <Filter>01_Core\Entities</Filter>
    </ClInclude>
    
    <!-- NÚCLEO BANCARIO - LÓGICA DE NEGOCIO -->
    <ClInclude Include="Banco.h">
      <Filter>01_Core\Business</Filter>
    </ClInclude>
    <ClInclude Include="BancoManejoCuenta.h">
      <Filter>01_Core\Business</Filter>
    </ClInclude>
    <ClInclude Include="BancoManejoPersona.h">
      <Filter>01_Core\Business</Filter>
    </ClInclude>
    
    <!-- VALIDACIONES -->
    <ClInclude Include="Validar.h">
      <Filter>02_Validation</Filter>
    </ClInclude>
    
    <!-- UTILIDADES -->
    <ClInclude Include="Utilidades.h">
      <Filter>03_Utils</Filter>
    </ClInclude>
    <ClInclude Include="Fecha.h">
      <Filter>03_Utils</Filter>
    </ClInclude>
    <ClInclude Include="Cifrado.h">
      <Filter>03_Utils</Filter>
    </ClInclude>
    
    <!-- INTERFAZ DE USUARIO - MENÚS -->
    <ClInclude Include="ManejoMenus.h">
      <Filter>04_UI\Menus</Filter>
    </ClInclude>
    
    <!-- INTERFAZ DE USUARIO - DISPLAY -->
    <ClInclude Include="Marquesina.h">
      <Filter>04_UI\Display</Filter>
    </ClInclude>
    
    <!-- INTERFAZ DE USUARIO - CHAT -->
    <ClInclude Include="AdministradorChatRedLocal.h">
      <Filter>04_UI\Chat</Filter>
    </ClInclude>
    <ClInclude Include="AdministradorChatSocket.h">
      <Filter>04_UI\Chat</Filter>
    </ClInclude>
    
    <!-- ESTRUCTURAS DE DATOS -->
    <ClInclude Include="ArbolB.h">
      <Filter>05_DataStructures</Filter>
    </ClInclude>
    <ClInclude Include="ArbolBGrafico.h">
      <Filter>05_DataStructures</Filter>
    </ClInclude>
    <ClInclude Include="NodoPersona.h">
      <Filter>05_DataStructures</Filter>
    </ClInclude>
    <ClInclude Include="NodoArbolB.h">
      <Filter>05_DataStructures</Filter>
    </ClInclude>
    
    <!-- CÓDIGOS QR Y EXPORTACIÓN -->
    <ClInclude Include="CodigoQR.h">
      <Filter>06_QR_Export</Filter>
    </ClInclude>
    <ClInclude Include="_ExportadorArchivo.h">
      <Filter>06_QR_Export</Filter>
    </ClInclude>
    
    <!-- BASE DE DATOS -->
    <ClInclude Include="_BaseDatosPersona.h">
      <Filter>07_Database</Filter>
    </ClInclude>
    <ClInclude Include="_BaseDatosArchivos.h">
      <Filter>07_Database</Filter>
    </ClInclude>
    <ClInclude Include="ConexionMongo.h">
      <Filter>07_Database</Filter>
    </ClInclude>
    
    <!-- APLICACIÓN PRINCIPAL -->
    <ClInclude Include="_CdocsMain.h">
      <Filter>08_App</Filter>
    </ClInclude>
  </ItemGroup>
  
  <!-- Conservamos el resto de archivos (None, Image, Font, Text, Library) en su estructura original por brevedad -->
  <!-- ...resto del contenido existente... -->
</Project>